
Microsoft Visual Studio Solution File, Format Version 12.00
# Visual Studio Version 17
VisualStudioVersion = 17.9.34728.123
MinimumVisualStudioVersion = 10.0.40219.1
Project("{FAE04EC0-301F-11D3-BF4B-00C04F79EFBC}") = "UuidGenerator", "UuidGenerator\UuidGenerator.csproj", "{9DF0277C-F127-48DC-8F8F-75BF3D0AE0CC}"
EndProject
Global
	GlobalSection(SolutionConfigurationPlatforms) = preSolution
		Debug|Any CPU = Debug|Any CPU
		Release|Any CPU = Release|Any CPU
	EndGlobalSection
	GlobalSection(ProjectConfigurationPlatforms) = postSolution
		{9DF0277C-F127-48DC-8F8F-75BF3D0AE0CC}.Debug|Any CPU.ActiveCfg = Debug|Any CPU
		{9DF0277C-F127-48DC-8F8F-75BF3D0AE0CC}.Debug|Any CPU.Build.0 = Debug|Any CPU
		{9DF0277C-F127-48DC-8F8F-75BF3D0AE0CC}.Release|Any CPU.ActiveCfg = Release|Any CPU
		{9DF0277C-F127-48DC-8F8F-75BF3D0AE0CC}.Release|Any CPU.Build.0 = Release|Any CPU
	EndGlobalSection
	GlobalSection(SolutionProperties) = preSolution
		HideSolutionNode = FALSE
	EndGlobalSection
	GlobalSection(ExtensibilityGlobals) = postSolution
		SolutionGuid = {376E9597-4B1A-462C-8AA6-1AD5F7F54F3E}
	EndGlobalSection
EndGlobal
